// !$*UTF8*$!
{
	archiveVersion = 1;
	classes = {
	};
	objectVersion = 50;
	objects = {

/* Begin PBXBuildFile section */
		5A61BC5721CA766D009FCC0B /* random_util.c in Sources */ = {isa = PBXBuildFile; fileRef = 5A61BC5621CA766D009FCC0B /* random_util.c */; };
		5A61BC5C21CA7BCD009FCC0B /* NSColor+Extensions.m in Sources */ = {isa = PBXBuildFile; fileRef = 5A61BC5B21CA7BCD009FCC0B /* NSColor+Extensions.m */; };
		5A61BC5F21CB14B9009FCC0B /* GameHelper.m in Sources */ = {isa = PBXBuildFile; fileRef = 5A61BC5E21CB14B9009FCC0B /* GameHelper.m */; };
		5A61BC6221CB2633009FCC0B /* SCNAction+Extensions.m in Sources */ = {isa = PBXBuildFile; fileRef = 5A61BC6121CB2633009FCC0B /* SCNAction+Extensions.m */; };
		5A61BC6621CB4C4E009FCC0B /* spark.png in Resources */ = {isa = PBXBuildFile; fileRef = 5A61BC6421CB4C4E009FCC0B /* spark.png */; };
		5A61BC6721CB4C4E009FCC0B /* Trail.scnp in Resources */ = {isa = PBXBuildFile; fileRef = 5A61BC6521CB4C4E009FCC0B /* Trail.scnp */; };
		5A61BC8B21CB648F009FCC0B /* Explode.scnp in Resources */ = {isa = PBXBuildFile; fileRef = 5A61BC8A21CB648F009FCC0B /* Explode.scnp */; };
		5ACF042521CA3B4A0007BD7E /* AppDelegate.m in Sources */ = {isa = PBXBuildFile; fileRef = 5ACF042421CA3B4A0007BD7E /* AppDelegate.m */; };
		5ACF042821CA3B4A0007BD7E /* GameViewController.m in Sources */ = {isa = PBXBuildFile; fileRef = 5ACF042721CA3B4A0007BD7E /* GameViewController.m */; };
		5ACF042C21CA3B4B0007BD7E /* Assets.xcassets in Resources */ = {isa = PBXBuildFile; fileRef = 5ACF042B21CA3B4B0007BD7E /* Assets.xcassets */; };
		5ACF042F21CA3B4B0007BD7E /* Main.storyboard in Resources */ = {isa = PBXBuildFile; fileRef = 5ACF042D21CA3B4B0007BD7E /* Main.storyboard */; };
		5ACF043221CA3B4B0007BD7E /* main.m in Sources */ = {isa = PBXBuildFile; fileRef = 5ACF043121CA3B4B0007BD7E /* main.m */; };
		5ACF043B21CA5A7C0007BD7E /* GeometryFighter.scnassets in Resources */ = {isa = PBXBuildFile; fileRef = 5ACF043A21CA5A7C0007BD7E /* GeometryFighter.scnassets */; };
/* End PBXBuildFile section */

/* Begin PBXFileReference section */
		5A61BC5521CA7612009FCC0B /* random_util.h */ = {isa = PBXFileReference; lastKnownFileType = sourcecode.c.h; path = random_util.h; sourceTree = "<group>"; };
		5A61BC5621CA766D009FCC0B /* random_util.c */ = {isa = PBXFileReference; lastKnownFileType = sourcecode.c.c; path = random_util.c; sourceTree = "<group>"; };
		5A61BC5A21CA7A89009FCC0B /* NSColor+Extensions.h */ = {isa = PBXFileReference; lastKnownFileType = sourcecode.c.h; path = "NSColor+Extensions.h"; sourceTree = "<group>"; };
		5A61BC5B21CA7BCD009FCC0B /* NSColor+Extensions.m */ = {isa = PBXFileReference; lastKnownFileType = sourcecode.c.objc; path = "NSColor+Extensions.m"; sourceTree = "<group>"; };
		5A61BC5D21CB1424009FCC0B /* GameHelper.h */ = {isa = PBXFileReference; lastKnownFileType = sourcecode.c.h; path = GameHelper.h; sourceTree = "<group>"; };
		5A61BC5E21CB14B9009FCC0B /* GameHelper.m */ = {isa = PBXFileReference; lastKnownFileType = sourcecode.c.objc; path = GameHelper.m; sourceTree = "<group>"; };
		5A61BC6021CB25AB009FCC0B /* SCNAction+Extensions.h */ = {isa = PBXFileReference; lastKnownFileType = sourcecode.c.h; path = "SCNAction+Extensions.h"; sourceTree = "<group>"; };
		5A61BC6121CB2633009FCC0B /* SCNAction+Extensions.m */ = {isa = PBXFileReference; lastKnownFileType = sourcecode.c.objc; path = "SCNAction+Extensions.m"; sourceTree = "<group>"; };
		5A61BC6421CB4C4E009FCC0B /* spark.png */ = {isa = PBXFileReference; lastKnownFileType = image.png; path = spark.png; sourceTree = "<group>"; };
		5A61BC6521CB4C4E009FCC0B /* Trail.scnp */ = {isa = PBXFileReference; lastKnownFileType = file.scp; path = Trail.scnp; sourceTree = "<group>"; };
		5A61BC8A21CB648F009FCC0B /* Explode.scnp */ = {isa = PBXFileReference; lastKnownFileType = file.scp; path = Explode.scnp; sourceTree = "<group>"; };
		5ACF042021CA3B4A0007BD7E /* GeometryFighter.app */ = {isa = PBXFileReference; explicitFileType = wrapper.application; includeInIndex = 0; path = GeometryFighter.app; sourceTree = BUILT_PRODUCTS_DIR; };
		5ACF042321CA3B4A0007BD7E /* AppDelegate.h */ = {isa = PBXFileReference; lastKnownFileType = sourcecode.c.h; path = AppDelegate.h; sourceTree = "<group>"; };
		5ACF042421CA3B4A0007BD7E /* AppDelegate.m */ = {isa = PBXFileReference; lastKnownFileType = sourcecode.c.objc; path = AppDelegate.m; sourceTree = "<group>"; };
		5ACF042621CA3B4A0007BD7E /* GameViewController.h */ = {isa = PBXFileReference; lastKnownFileType = sourcecode.c.h; path = GameViewController.h; sourceTree = "<group>"; };
		5ACF042721CA3B4A0007BD7E /* GameViewController.m */ = {isa = PBXFileReference; lastKnownFileType = sourcecode.c.objc; path = GameViewController.m; sourceTree = "<group>"; };
		5ACF042B21CA3B4B0007BD7E /* Assets.xcassets */ = {isa = PBXFileReference; lastKnownFileType = folder.assetcatalog; path = Assets.xcassets; sourceTree = "<group>"; };
		5ACF042E21CA3B4B0007BD7E /* Base */ = {isa = PBXFileReference; lastKnownFileType = file.storyboard; name = Base; path = Base.lproj/Main.storyboard; sourceTree = "<group>"; };
		5ACF043021CA3B4B0007BD7E /* Info.plist */ = {isa = PBXFileReference; lastKnownFileType = text.plist.xml; path = Info.plist; sourceTree = "<group>"; };
		5ACF043121CA3B4B0007BD7E /* main.m */ = {isa = PBXFileReference; lastKnownFileType = sourcecode.c.objc; path = main.m; sourceTree = "<group>"; };
		5ACF043321CA3B4B0007BD7E /* GeometryFighter.entitlements */ = {isa = PBXFileReference; lastKnownFileType = text.plist.entitlements; path = GeometryFighter.entitlements; sourceTree = "<group>"; };
		5ACF043A21CA5A7C0007BD7E /* GeometryFighter.scnassets */ = {isa = PBXFileReference; lastKnownFileType = wrapper.scnassets; path = GeometryFighter.scnassets; sourceTree = "<group>"; };
		5ACF043D21CA5DEF0007BD7E /* ShapeTypes.h */ = {isa = PBXFileReference; lastKnownFileType = sourcecode.c.h; path = ShapeTypes.h; sourceTree = "<group>"; };
/* End PBXFileReference section */

/* Begin PBXFrameworksBuildPhase section */
		5ACF041D21CA3B4A0007BD7E /* Frameworks */ = {
			isa = PBXFrameworksBuildPhase;
			buildActionMask = 2147483647;
			files = (
			);
			runOnlyForDeploymentPostprocessing = 0;
		};
/* End PBXFrameworksBuildPhase section */

/* Begin PBXGroup section */
		5A61BC5821CA7900009FCC0B /* utils */ = {
			isa = PBXGroup;
			children = (
				5A61BC5A21CA7A89009FCC0B /* NSColor+Extensions.h */,
				5A61BC5B21CA7BCD009FCC0B /* NSColor+Extensions.m */,
				5A61BC5521CA7612009FCC0B /* random_util.h */,
				5A61BC5621CA766D009FCC0B /* random_util.c */,
				5A61BC5D21CB1424009FCC0B /* GameHelper.h */,
				5A61BC5E21CB14B9009FCC0B /* GameHelper.m */,
				5A61BC6021CB25AB009FCC0B /* SCNAction+Extensions.h */,
				5A61BC6121CB2633009FCC0B /* SCNAction+Extensions.m */,
			);
			path = utils;
			sourceTree = "<group>";
		};
		5A61BC6321CB4C1D009FCC0B /* Particles */ = {
			isa = PBXGroup;
			children = (
				5A61BC8A21CB648F009FCC0B /* Explode.scnp */,
				5A61BC6421CB4C4E009FCC0B /* spark.png */,
				5A61BC6521CB4C4E009FCC0B /* Trail.scnp */,
			);
			path = Particles;
			sourceTree = "<group>";
		};
		5ACF041721CA3B4A0007BD7E = {
			isa = PBXGroup;
			children = (
				5ACF042221CA3B4A0007BD7E /* GeometryFighter */,
				5ACF042121CA3B4A0007BD7E /* Products */,
			);
			sourceTree = "<group>";
		};
		5ACF042121CA3B4A0007BD7E /* Products */ = {
			isa = PBXGroup;
			children = (
				5ACF042021CA3B4A0007BD7E /* GeometryFighter.app */,
			);
			name = Products;
			sourceTree = "<group>";
		};
		5ACF042221CA3B4A0007BD7E /* GeometryFighter */ = {
			isa = PBXGroup;
			children = (
				5A61BC6321CB4C1D009FCC0B /* Particles */,
				5A61BC5821CA7900009FCC0B /* utils */,
				5ACF043A21CA5A7C0007BD7E /* GeometryFighter.scnassets */,
				5ACF042321CA3B4A0007BD7E /* AppDelegate.h */,
				5ACF042421CA3B4A0007BD7E /* AppDelegate.m */,
				5ACF042621CA3B4A0007BD7E /* GameViewController.h */,
				5ACF042721CA3B4A0007BD7E /* GameViewController.m */,
				5ACF042B21CA3B4B0007BD7E /* Assets.xcassets */,
				5ACF042D21CA3B4B0007BD7E /* Main.storyboard */,
				5ACF043021CA3B4B0007BD7E /* Info.plist */,
				5ACF043121CA3B4B0007BD7E /* main.m */,
				5ACF043321CA3B4B0007BD7E /* GeometryFighter.entitlements */,
				5ACF043D21CA5DEF0007BD7E /* ShapeTypes.h */,
			);
			path = GeometryFighter;
			sourceTree = "<group>";
		};
/* End PBXGroup section */

/* Begin PBXNativeTarget section */
		5ACF041F21CA3B4A0007BD7E /* GeometryFighter */ = {
			isa = PBXNativeTarget;
			buildConfigurationList = 5ACF043621CA3B4B0007BD7E /* Build configuration list for PBXNativeTarget "GeometryFighter" */;
			buildPhases = (
				5ACF041C21CA3B4A0007BD7E /* Sources */,
				5ACF041D21CA3B4A0007BD7E /* Frameworks */,
				5ACF041E21CA3B4A0007BD7E /* Resources */,
			);
			buildRules = (
			);
			dependencies = (
			);
			name = GeometryFighter;
			productName = GeometryFighter;
			productReference = 5ACF042021CA3B4A0007BD7E /* GeometryFighter.app */;
			productType = "com.apple.product-type.application";
		};
/* End PBXNativeTarget section */

/* Begin PBXProject section */
		5ACF041821CA3B4A0007BD7E /* Project object */ = {
			isa = PBXProject;
			attributes = {
				LastUpgradeCheck = 1010;
				ORGANIZATIONNAME = KongjaStudio;
				TargetAttributes = {
					5ACF041F21CA3B4A0007BD7E = {
						CreatedOnToolsVersion = 10.1;
					};
				};
			};
			buildConfigurationList = 5ACF041B21CA3B4A0007BD7E /* Build configuration list for PBXProject "GeometryFighter" */;
			compatibilityVersion = "Xcode 9.3";
			developmentRegion = en;
			hasScannedForEncodings = 0;
			knownRegions = (
				en,
				Base,
			);
			mainGroup = 5ACF041721CA3B4A0007BD7E;
			productRefGroup = 5ACF042121CA3B4A0007BD7E /* Products */;
			projectDirPath = "";
			projectRoot = "";
			targets = (
				5ACF041F21CA3B4A0007BD7E /* GeometryFighter */,
			);
		};
/* End PBXProject section */

/* Begin PBXResourcesBuildPhase section */
		5ACF041E21CA3B4A0007BD7E /* Resources */ = {
			isa = PBXResourcesBuildPhase;
			buildActionMask = 2147483647;
			files = (
				5A61BC6721CB4C4E009FCC0B /* Trail.scnp in Resources */,
				5ACF042F21CA3B4B0007BD7E /* Main.storyboard in Resources */,
				5A61BC6621CB4C4E009FCC0B /* spark.png in Resources */,
				5ACF042C21CA3B4B0007BD7E /* Assets.xcassets in Resources */,
				5ACF043B21CA5A7C0007BD7E /* GeometryFighter.scnassets in Resources */,
				5A61BC8B21CB648F009FCC0B /* Explode.scnp in Resources */,
			);
			runOnlyForDeploymentPostprocessing = 0;
		};
/* End PBXResourcesBuildPhase section */

/* Begin PBXSourcesBuildPhase section */
		5ACF041C21CA3B4A0007BD7E /* Sources */ = {
			isa = PBXSourcesBuildPhase;
			buildActionMask = 2147483647;
			files = (
				5A61BC5721CA766D009FCC0B /* random_util.c in Sources */,
				5A61BC5F21CB14B9009FCC0B /* GameHelper.m in Sources */,
				5A61BC6221CB2633009FCC0B /* SCNAction+Extensions.m in Sources */,
				5A61BC5C21CA7BCD009FCC0B /* NSColor+Extensions.m in Sources */,
				5ACF042821CA3B4A0007BD7E /* GameViewController.m in Sources */,
				5ACF043221CA3B4B0007BD7E /* main.m in Sources */,
				5ACF042521CA3B4A0007BD7E /* AppDelegate.m in Sources */,
			);
			runOnlyForDeploymentPostprocessing = 0;
		};
/* End PBXSourcesBuildPhase section */

/* Begin PBXVariantGroup section */
		5ACF042D21CA3B4B0007BD7E /* Main.storyboard */ = {
			isa = PBXVariantGroup;
			children = (
				5ACF042E21CA3B4B0007BD7E /* Base */,
			);
			name = Main.storyboard;
			sourceTree = "<group>";
		};
/* End PBXVariantGroup section */

/* Begin XCBuildConfiguration section */
		5ACF043421CA3B4B0007BD7E /* Debug */ = {
			isa = XCBuildConfiguration;
			buildSettings = {
				ALWAYS_SEARCH_USER_PATHS = NO;
				CLANG_ANALYZER_NONNULL = YES;
				CLANG_ANALYZER_NUMBER_OBJECT_CONVERSION = YES_AGGRESSIVE;
				CLANG_CXX_LANGUAGE_STANDARD = "gnu++14";
				CLANG_CXX_LIBRARY = "libc++";
				CLANG_ENABLE_MODULES = YES;
				CLANG_ENABLE_OBJC_ARC = YES;
				CLANG_ENABLE_OBJC_WEAK = YES;
				CLANG_WARN_BLOCK_CAPTURE_AUTORELEASING = YES;
				CLANG_WARN_BOOL_CONVERSION = YES;
				CLANG_WARN_COMMA = YES;
				CLANG_WARN_CONSTANT_CONVERSION = YES;
				CLANG_WARN_DEPRECATED_OBJC_IMPLEMENTATIONS = YES;
				CLANG_WARN_DIRECT_OBJC_ISA_USAGE = YES_ERROR;
				CLANG_WARN_DOCUMENTATION_COMMENTS = YES;
				CLANG_WARN_EMPTY_BODY = YES;
				CLANG_WARN_ENUM_CONVERSION = YES;
				CLANG_WARN_INFINITE_RECURSION = YES;
				CLANG_WARN_INT_CONVERSION = YES;
				CLANG_WARN_NON_LITERAL_NULL_CONVERSION = YES;
				CLANG_WARN_OBJC_IMPLICIT_RETAIN_SELF = YES;
				CLANG_WARN_OBJC_LITERAL_CONVERSION = YES;
				CLANG_WARN_OBJC_ROOT_CLASS = YES_ERROR;
				CLANG_WARN_RANGE_LOOP_ANALYSIS = YES;
				CLANG_WARN_STRICT_PROTOTYPES = YES;
				CLANG_WARN_SUSPICIOUS_MOVE = YES;
				CLANG_WARN_UNGUARDED_AVAILABILITY = YES_AGGRESSIVE;
				CLANG_WARN_UNREACHABLE_CODE = YES;
				CLANG_WARN__DUPLICATE_METHOD_MATCH = YES;
				CODE_SIGN_IDENTITY = "-";
				COPY_PHASE_STRIP = NO;
				DEBUG_INFORMATION_FORMAT = dwarf;
				ENABLE_STRICT_OBJC_MSGSEND = YES;
				ENABLE_TESTABILITY = YES;
				GCC_C_LANGUAGE_STANDARD = gnu11;
				GCC_DYNAMIC_NO_PIC = NO;
				GCC_NO_COMMON_BLOCKS = YES;
				GCC_OPTIMIZATION_LEVEL = 0;
				GCC_PREPROCESSOR_DEFINITIONS = (
					"DEBUG=1",
					"$(inherited)",
				);
				GCC_WARN_64_TO_32_BIT_CONVERSION = YES;
				GCC_WARN_ABOUT_RETURN_TYPE = YES_ERROR;
				GCC_WARN_UNDECLARED_SELECTOR = YES;
				GCC_WARN_UNINITIALIZED_AUTOS = YES_AGGRESSIVE;
				GCC_WARN_UNUSED_FUNCTION = YES;
				GCC_WARN_UNUSED_VARIABLE = YES;
				MACOSX_DEPLOYMENT_TARGET = 10.14;
				MTL_ENABLE_DEBUG_INFO = INCLUDE_SOURCE;
				MTL_FAST_MATH = YES;
				ONLY_ACTIVE_ARCH = YES;
				SDKROOT = macosx;
			};
			name = Debug;
		};
		5ACF043521CA3B4B0007BD7E /* Release */ = {
			isa = XCBuildConfiguration;
			buildSettings = {
				ALWAYS_SEARCH_USER_PATHS = NO;
				CLANG_ANALYZER_NONNULL = YES;
				CLANG_ANALYZER_NUMBER_OBJECT_CONVERSION = YES_AGGRESSIVE;
				CLANG_CXX_LANGUAGE_STANDARD = "gnu++14";
				CLANG_CXX_LIBRARY = "libc++";
				CLANG_ENABLE_MODULES = YES;
				CLANG_ENABLE_OBJC_ARC = YES;
				CLANG_ENABLE_OBJC_WEAK = YES;
				CLANG_WARN_BLOCK_CAPTURE_AUTORELEASING = YES;
				CLANG_WARN_BOOL_CONVERSION = YES;
				CLANG_WARN_COMMA = YES;
				CLANG_WARN_CONSTANT_CONVERSION = YES;
				CLANG_WARN_DEPRECATED_OBJC_IMPLEMENTATIONS = YES;
				CLANG_WARN_DIRECT_OBJC_ISA_USAGE = YES_ERROR;
				CLANG_WARN_DOCUMENTATION_COMMENTS = YES;
				CLANG_WARN_EMPTY_BODY = YES;
				CLANG_WARN_ENUM_CONVERSION = YES;
				CLANG_WARN_INFINITE_RECURSION = YES;
				CLANG_WARN_INT_CONVERSION = YES;
				CLANG_WARN_NON_LITERAL_NULL_CONVERSION = YES;
				CLANG_WARN_OBJC_IMPLICIT_RETAIN_SELF = YES;
				CLANG_WARN_OBJC_LITERAL_CONVERSION = YES;
				CLANG_WARN_OBJC_ROOT_CLASS = YES_ERROR;
				CLANG_WARN_RANGE_LOOP_ANALYSIS = YES;
				CLANG_WARN_STRICT_PROTOTYPES = YES;
				CLANG_WARN_SUSPICIOUS_MOVE = YES;
				CLANG_WARN_UNGUARDED_AVAILABILITY = YES_AGGRESSIVE;
				CLANG_WARN_UNREACHABLE_CODE = YES;
				CLANG_WARN__DUPLICATE_METHOD_MATCH = YES;
				CODE_SIGN_IDENTITY = "-";
				COPY_PHASE_STRIP = NO;
				DEBUG_INFORMATION_FORMAT = "dwarf-with-dsym";
				ENABLE_NS_ASSERTIONS = NO;
				ENABLE_STRICT_OBJC_MSGSEND = YES;
				GCC_C_LANGUAGE_STANDARD = gnu11;
				GCC_NO_COMMON_BLOCKS = YES;
				GCC_WARN_64_TO_32_BIT_CONVERSION = YES;
				GCC_WARN_ABOUT_RETURN_TYPE = YES_ERROR;
				GCC_WARN_UNDECLARED_SELECTOR = YES;
				GCC_WARN_UNINITIALIZED_AUTOS = YES_AGGRESSIVE;
				GCC_WARN_UNUSED_FUNCTION = YES;
				GCC_WARN_UNUSED_VARIABLE = YES;
				MACOSX_DEPLOYMENT_TARGET = 10.14;
				MTL_ENABLE_DEBUG_INFO = NO;
				MTL_FAST_MATH = YES;
				SDKROOT = macosx;
			};
			name = Release;
		};
		5ACF043721CA3B4B0007BD7E /* Debug */ = {
			isa = XCBuildConfiguration;
			buildSettings = {
				ASSETCATALOG_COMPILER_APPICON_NAME = AppIcon;
				CODE_SIGN_ENTITLEMENTS = GeometryFighter/GeometryFighter.entitlements;
				CODE_SIGN_STYLE = Automatic;
				COMBINE_HIDPI_IMAGES = YES;
				INFOPLIST_FILE = GeometryFighter/Info.plist;
				LD_RUNPATH_SEARCH_PATHS = (
					"$(inherited)",
					"@executable_path/../Frameworks",
				);
				PRODUCT_BUNDLE_IDENTIFIER = com.kongjastudio.GeometryFighter;
				PRODUCT_NAME = "$(TARGET_NAME)";
			};
			name = Debug;
		};
		5ACF043821CA3B4B0007BD7E /* Release */ = {
			isa = XCBuildConfiguration;
			buildSettings = {
				ASSETCATALOG_COMPILER_APPICON_NAME = AppIcon;
				CODE_SIGN_ENTITLEMENTS = GeometryFighter/GeometryFighter.entitlements;
				CODE_SIGN_STYLE = Automatic;
				COMBINE_HIDPI_IMAGES = YES;
				INFOPLIST_FILE = GeometryFighter/Info.plist;
				LD_RUNPATH_SEARCH_PATHS = (
					"$(inherited)",
					"@executable_path/../Frameworks",
				);
				PRODUCT_BUNDLE_IDENTIFIER = com.kongjastudio.GeometryFighter;
				PRODUCT_NAME = "$(TARGET_NAME)";
			};
			name = Release;
		};
/* End XCBuildConfiguration section */

/* Begin XCConfigurationList section */
		5ACF041B21CA3B4A0007BD7E /* Build configuration list for PBXProject "GeometryFighter" */ = {
			isa = XCConfigurationList;
			buildConfigurations = (
				5ACF043421CA3B4B0007BD7E /* Debug */,
				5ACF043521CA3B4B0007BD7E /* Release */,
			);
			defaultConfigurationIsVisible = 0;
			defaultConfigurationName = Release;
		};
		5ACF043621CA3B4B0007BD7E /* Build configuration list for PBXNativeTarget "GeometryFighter" */ = {
			isa = XCConfigurationList;
			buildConfigurations = (
				5ACF043721CA3B4B0007BD7E /* Debug */,
				5ACF043821CA3B4B0007BD7E /* Release */,
			);
			defaultConfigurationIsVisible = 0;
			defaultConfigurationName = Release;
		};
/* End XCConfigurationList section */
	};
	rootObject = 5ACF041821CA3B4A0007BD7E /* Project object */;
}
